
Microsoft Visual Studio Solution File, Format Version 12.00
# Visual Studio Version 17
VisualStudioVersion = 17.4.33603.86
MinimumVisualStudioVersion = 10.0.40219.1
Project("{FAE04EC0-301F-11D3-BF4B-00C04F79EFBC}") = "MusicMi", "MusicMi\MusicMi.csproj", "{5D6589E9-1672-4CA4-AA82-283F5CDF782A}"
EndProject
Global
	GlobalSection(SolutionConfigurationPlatforms) = preSolution
		Debug|Any CPU = Debug|Any CPU
		Release|Any CPU = Release|Any CPU
	EndGlobalSection
	GlobalSection(ProjectConfigurationPlatforms) = postSolution
		{5D6589E9-1672-4CA4-AA82-283F5CDF782A}.Debug|Any CPU.ActiveCfg = Debug|Any CPU
		{5D6589E9-1672-4CA4-AA82-283F5CDF782A}.Debug|Any CPU.Build.0 = Debug|Any CPU
		{5D6589E9-1672-4CA4-AA82-283F5CDF782A}.Release|Any CPU.ActiveCfg = Release|Any CPU
		{5D6589E9-1672-4CA4-AA82-283F5CDF782A}.Release|Any CPU.Build.0 = Release|Any CPU
	EndGlobalSection
	GlobalSection(SolutionProperties) = preSolution
		HideSolutionNode = FALSE
	EndGlobalSection
	GlobalSection(ExtensibilityGlobals) = postSolution
		SolutionGuid = {C56D4609-2865-469D-B7A3-09C01AB4316A}
	EndGlobalSection
EndGlobal
